
Microsoft Visual Studio Solution File, Format Version 12.00
# Visual Studio 15
VisualStudioVersion = 15.0.26124.0
MinimumVisualStudioVersion = 15.0.26124.0
Project("{9A19103F-16F7-4668-BE54-9A1E7A4F7556}") = "Infrastructure.Web", "Infrastructure.Web\Infrastructure.Web.csproj", "{990F03A1-439F-45CE-8ECC-2E3D4D0943B6}"
EndProject
Project("{9A19103F-16F7-4668-BE54-9A1E7A4F7556}") = "Infrastructure.Model", "Infrastructure.Model\Infrastructure.Model.csproj", "{2DCEBFDD-C76D-41A3-BE6A-454648647EA9}"
EndProject
Project("{9A19103F-16F7-4668-BE54-9A1E7A4F7556}") = "Infrastructure.Service", "Infrastructure.Service\Infrastructure.Service.csproj", "{DF396E12-85B9-4552-855A-C7AFD64CF014}"
EndProject
Project("{9A19103F-16F7-4668-BE54-9A1E7A4F7556}") = "Infrastructure", "Infrastructure.Utils\Infrastructure.csproj", "{1845FAE9-A5D7-479B-A2FE-087DC90793EC}"
EndProject
Project("{9A19103F-16F7-4668-BE54-9A1E7A4F7556}") = "UnitTest", "UnitTest\UnitTest.csproj", "{D22A5F7E-38C2-4B40-A783-89B57EF756A5}"
EndProject
Project("{2150E333-8FDC-42A3-9474-1A3956D46DE8}") = "Web", "Web", "{98C065EC-DC9B-48D1-9389-416F7FD9147B}"
EndProject
Project("{2150E333-8FDC-42A3-9474-1A3956D46DE8}") = "Service", "Service", "{90E20219-56E7-4AD7-9193-DCCD309F26A2}"
EndProject
Project("{2150E333-8FDC-42A3-9474-1A3956D46DE8}") = "Domain", "Domain", "{64A91214-F480-40D2-BCEE-C0363AB0DF31}"
EndProject
Project("{2150E333-8FDC-42A3-9474-1A3956D46DE8}") = "Core", "Core", "{E0680C5C-C4F7-4214-92EA-72C6088C3F15}"
EndProject
Project("{2150E333-8FDC-42A3-9474-1A3956D46DE8}") = "Common", "Common", "{4B2B2CD7-3CCA-4BD5-92EF-711EF7FDCB19}"
EndProject
Project("{2150E333-8FDC-42A3-9474-1A3956D46DE8}") = "Test", "Test", "{5CFCC530-E213-4E98-A097-133D19CA4B72}"
EndProject
Project("{9A19103F-16F7-4668-BE54-9A1E7A4F7556}") = "CrmScrew.Service", "CrmScrew.Service\CrmScrew.Service.csproj", "{38F52A1D-6734-425D-8E99-F8F17EFB1943}"
EndProject
Project("{9A19103F-16F7-4668-BE54-9A1E7A4F7556}") = "CrmScrew.Core", "CrmScrew.Core\CrmScrew.Core.csproj", "{4FDE1F54-A31E-45C8-BF68-1DEDCAEDF65E}"
EndProject
Project("{9A19103F-16F7-4668-BE54-9A1E7A4F7556}") = "CrmScrew.Model", "CrmScrew.Model\CrmScrew.Model.csproj", "{6ECAE161-72F0-44FE-919D-609DC2E2E457}"
EndProject
Project("{9A19103F-16F7-4668-BE54-9A1E7A4F7556}") = "CrmScrew.Domain", "CrmScrew.Domain\CrmScrew.Domain.csproj", "{EBCE4516-1CB0-4320-B337-900F974CC2BB}"
EndProject
Project("{9A19103F-16F7-4668-BE54-9A1E7A4F7556}") = "Infrastructure.Domain", "Infrastructure.Domain\Infrastructure.Domain.csproj", "{EC4D25D9-A367-4692-B096-B5CC53CB281F}"
EndProject
Project("{9A19103F-16F7-4668-BE54-9A1E7A4F7556}") = "Infrastructure.Core", "Infrastructure.Core\Infrastructure.Core.csproj", "{4432A874-EF5E-4D2F-9452-BBD920F93388}"
EndProject
Project("{2150E333-8FDC-42A3-9474-1A3956D46DE8}") = "WinForm", "WinForm", "{B6210F25-8B1D-49AB-8F68-92EF093E2DAB}"
EndProject
Project("{FAE04EC0-301F-11D3-BF4B-00C04F79EFBC}") = "CodeGeneration", "CodeGeneration\CodeGeneration.csproj", "{C156F28F-542F-479B-A300-7763D116233A}"
EndProject
Global
	GlobalSection(SolutionConfigurationPlatforms) = preSolution
		Debug|Any CPU = Debug|Any CPU
		Debug|x64 = Debug|x64
		Debug|x86 = Debug|x86
		Release|Any CPU = Release|Any CPU
		Release|x64 = Release|x64
		Release|x86 = Release|x86
	EndGlobalSection
	GlobalSection(ProjectConfigurationPlatforms) = postSolution
		{990F03A1-439F-45CE-8ECC-2E3D4D0943B6}.Debug|Any CPU.ActiveCfg = Debug|Any CPU
		{990F03A1-439F-45CE-8ECC-2E3D4D0943B6}.Debug|Any CPU.Build.0 = Debug|Any CPU
		{990F03A1-439F-45CE-8ECC-2E3D4D0943B6}.Debug|x64.ActiveCfg = Debug|Any CPU
		{990F03A1-439F-45CE-8ECC-2E3D4D0943B6}.Debug|x64.Build.0 = Debug|Any CPU
		{990F03A1-439F-45CE-8ECC-2E3D4D0943B6}.Debug|x86.ActiveCfg = Debug|Any CPU
		{990F03A1-439F-45CE-8ECC-2E3D4D0943B6}.Debug|x86.Build.0 = Debug|Any CPU
		{990F03A1-439F-45CE-8ECC-2E3D4D0943B6}.Release|Any CPU.ActiveCfg = Release|Any CPU
		{990F03A1-439F-45CE-8ECC-2E3D4D0943B6}.Release|Any CPU.Build.0 = Release|Any CPU
		{990F03A1-439F-45CE-8ECC-2E3D4D0943B6}.Release|x64.ActiveCfg = Release|Any CPU
		{990F03A1-439F-45CE-8ECC-2E3D4D0943B6}.Release|x64.Build.0 = Release|Any CPU
		{990F03A1-439F-45CE-8ECC-2E3D4D0943B6}.Release|x86.ActiveCfg = Release|Any CPU
		{990F03A1-439F-45CE-8ECC-2E3D4D0943B6}.Release|x86.Build.0 = Release|Any CPU
		{2DCEBFDD-C76D-41A3-BE6A-454648647EA9}.Debug|Any CPU.ActiveCfg = Debug|Any CPU
		{2DCEBFDD-C76D-41A3-BE6A-454648647EA9}.Debug|Any CPU.Build.0 = Debug|Any CPU
		{2DCEBFDD-C76D-41A3-BE6A-454648647EA9}.Debug|x64.ActiveCfg = Debug|Any CPU
		{2DCEBFDD-C76D-41A3-BE6A-454648647EA9}.Debug|x64.Build.0 = Debug|Any CPU
		{2DCEBFDD-C76D-41A3-BE6A-454648647EA9}.Debug|x86.ActiveCfg = Debug|Any CPU
		{2DCEBFDD-C76D-41A3-BE6A-454648647EA9}.Debug|x86.Build.0 = Debug|Any CPU
		{2DCEBFDD-C76D-41A3-BE6A-454648647EA9}.Release|Any CPU.ActiveCfg = Release|Any CPU
		{2DCEBFDD-C76D-41A3-BE6A-454648647EA9}.Release|Any CPU.Build.0 = Release|Any CPU
		{2DCEBFDD-C76D-41A3-BE6A-454648647EA9}.Release|x64.ActiveCfg = Release|Any CPU
		{2DCEBFDD-C76D-41A3-BE6A-454648647EA9}.Release|x64.Build.0 = Release|Any CPU
		{2DCEBFDD-C76D-41A3-BE6A-454648647EA9}.Release|x86.ActiveCfg = Release|Any CPU
		{2DCEBFDD-C76D-41A3-BE6A-454648647EA9}.Release|x86.Build.0 = Release|Any CPU
		{DF396E12-85B9-4552-855A-C7AFD64CF014}.Debug|Any CPU.ActiveCfg = Debug|Any CPU
		{DF396E12-85B9-4552-855A-C7AFD64CF014}.Debug|Any CPU.Build.0 = Debug|Any CPU
		{DF396E12-85B9-4552-855A-C7AFD64CF014}.Debug|x64.ActiveCfg = Debug|Any CPU
		{DF396E12-85B9-4552-855A-C7AFD64CF014}.Debug|x64.Build.0 = Debug|Any CPU
		{DF396E12-85B9-4552-855A-C7AFD64CF014}.Debug|x86.ActiveCfg = Debug|Any CPU
		{DF396E12-85B9-4552-855A-C7AFD64CF014}.Debug|x86.Build.0 = Debug|Any CPU
		{DF396E12-85B9-4552-855A-C7AFD64CF014}.Release|Any CPU.ActiveCfg = Release|Any CPU
		{DF396E12-85B9-4552-855A-C7AFD64CF014}.Release|Any CPU.Build.0 = Release|Any CPU
		{DF396E12-85B9-4552-855A-C7AFD64CF014}.Release|x64.ActiveCfg = Release|Any CPU
		{DF396E12-85B9-4552-855A-C7AFD64CF014}.Release|x64.Build.0 = Release|Any CPU
		{DF396E12-85B9-4552-855A-C7AFD64CF014}.Release|x86.ActiveCfg = Release|Any CPU
		{DF396E12-85B9-4552-855A-C7AFD64CF014}.Release|x86.Build.0 = Release|Any CPU
		{1845FAE9-A5D7-479B-A2FE-087DC90793EC}.Debug|Any CPU.ActiveCfg = Debug|Any CPU
		{1845FAE9-A5D7-479B-A2FE-087DC90793EC}.Debug|Any CPU.Build.0 = Debug|Any CPU
		{1845FAE9-A5D7-479B-A2FE-087DC90793EC}.Debug|x64.ActiveCfg = Debug|Any CPU
		{1845FAE9-A5D7-479B-A2FE-087DC90793EC}.Debug|x64.Build.0 = Debug|Any CPU
		{1845FAE9-A5D7-479B-A2FE-087DC90793EC}.Debug|x86.ActiveCfg = Debug|Any CPU
		{1845FAE9-A5D7-479B-A2FE-087DC90793EC}.Debug|x86.Build.0 = Debug|Any CPU
		{1845FAE9-A5D7-479B-A2FE-087DC90793EC}.Release|Any CPU.ActiveCfg = Release|Any CPU
		{1845FAE9-A5D7-479B-A2FE-087DC90793EC}.Release|Any CPU.Build.0 = Release|Any CPU
		{1845FAE9-A5D7-479B-A2FE-087DC90793EC}.Release|x64.ActiveCfg = Release|Any CPU
		{1845FAE9-A5D7-479B-A2FE-087DC90793EC}.Release|x64.Build.0 = Release|Any CPU
		{1845FAE9-A5D7-479B-A2FE-087DC90793EC}.Release|x86.ActiveCfg = Release|Any CPU
		{1845FAE9-A5D7-479B-A2FE-087DC90793EC}.Release|x86.Build.0 = Release|Any CPU
		{D22A5F7E-38C2-4B40-A783-89B57EF756A5}.Debug|Any CPU.ActiveCfg = Debug|Any CPU
		{D22A5F7E-38C2-4B40-A783-89B57EF756A5}.Debug|Any CPU.Build.0 = Debug|Any CPU
		{D22A5F7E-38C2-4B40-A783-89B57EF756A5}.Debug|x64.ActiveCfg = Debug|Any CPU
		{D22A5F7E-38C2-4B40-A783-89B57EF756A5}.Debug|x64.Build.0 = Debug|Any CPU
		{D22A5F7E-38C2-4B40-A783-89B57EF756A5}.Debug|x86.ActiveCfg = Debug|Any CPU
		{D22A5F7E-38C2-4B40-A783-89B57EF756A5}.Debug|x86.Build.0 = Debug|Any CPU
		{D22A5F7E-38C2-4B40-A783-89B57EF756A5}.Release|Any CPU.ActiveCfg = Release|Any CPU
		{D22A5F7E-38C2-4B40-A783-89B57EF756A5}.Release|Any CPU.Build.0 = Release|Any CPU
		{D22A5F7E-38C2-4B40-A783-89B57EF756A5}.Release|x64.ActiveCfg = Release|Any CPU
		{D22A5F7E-38C2-4B40-A783-89B57EF756A5}.Release|x64.Build.0 = Release|Any CPU
		{D22A5F7E-38C2-4B40-A783-89B57EF756A5}.Release|x86.ActiveCfg = Release|Any CPU
		{D22A5F7E-38C2-4B40-A783-89B57EF756A5}.Release|x86.Build.0 = Release|Any CPU
		{38F52A1D-6734-425D-8E99-F8F17EFB1943}.Debug|Any CPU.ActiveCfg = Debug|Any CPU
		{38F52A1D-6734-425D-8E99-F8F17EFB1943}.Debug|Any CPU.Build.0 = Debug|Any CPU
		{38F52A1D-6734-425D-8E99-F8F17EFB1943}.Debug|x64.ActiveCfg = Debug|Any CPU
		{38F52A1D-6734-425D-8E99-F8F17EFB1943}.Debug|x64.Build.0 = Debug|Any CPU
		{38F52A1D-6734-425D-8E99-F8F17EFB1943}.Debug|x86.ActiveCfg = Debug|Any CPU
		{38F52A1D-6734-425D-8E99-F8F17EFB1943}.Debug|x86.Build.0 = Debug|Any CPU
		{38F52A1D-6734-425D-8E99-F8F17EFB1943}.Release|Any CPU.ActiveCfg = Release|Any CPU
		{38F52A1D-6734-425D-8E99-F8F17EFB1943}.Release|Any CPU.Build.0 = Release|Any CPU
		{38F52A1D-6734-425D-8E99-F8F17EFB1943}.Release|x64.ActiveCfg = Release|Any CPU
		{38F52A1D-6734-425D-8E99-F8F17EFB1943}.Release|x64.Build.0 = Release|Any CPU
		{38F52A1D-6734-425D-8E99-F8F17EFB1943}.Release|x86.ActiveCfg = Release|Any CPU
		{38F52A1D-6734-425D-8E99-F8F17EFB1943}.Release|x86.Build.0 = Release|Any CPU
		{4FDE1F54-A31E-45C8-BF68-1DEDCAEDF65E}.Debug|Any CPU.ActiveCfg = Debug|Any CPU
		{4FDE1F54-A31E-45C8-BF68-1DEDCAEDF65E}.Debug|Any CPU.Build.0 = Debug|Any CPU
		{4FDE1F54-A31E-45C8-BF68-1DEDCAEDF65E}.Debug|x64.ActiveCfg = Debug|Any CPU
		{4FDE1F54-A31E-45C8-BF68-1DEDCAEDF65E}.Debug|x64.Build.0 = Debug|Any CPU
		{4FDE1F54-A31E-45C8-BF68-1DEDCAEDF65E}.Debug|x86.ActiveCfg = Debug|Any CPU
		{4FDE1F54-A31E-45C8-BF68-1DEDCAEDF65E}.Debug|x86.Build.0 = Debug|Any CPU
		{4FDE1F54-A31E-45C8-BF68-1DEDCAEDF65E}.Release|Any CPU.ActiveCfg = Release|Any CPU
		{4FDE1F54-A31E-45C8-BF68-1DEDCAEDF65E}.Release|Any CPU.Build.0 = Release|Any CPU
		{4FDE1F54-A31E-45C8-BF68-1DEDCAEDF65E}.Release|x64.ActiveCfg = Release|Any CPU
		{4FDE1F54-A31E-45C8-BF68-1DEDCAEDF65E}.Release|x64.Build.0 = Release|Any CPU
		{4FDE1F54-A31E-45C8-BF68-1DEDCAEDF65E}.Release|x86.ActiveCfg = Release|Any CPU
		{4FDE1F54-A31E-45C8-BF68-1DEDCAEDF65E}.Release|x86.Build.0 = Release|Any CPU
		{6ECAE161-72F0-44FE-919D-609DC2E2E457}.Debug|Any CPU.ActiveCfg = Debug|Any CPU
		{6ECAE161-72F0-44FE-919D-609DC2E2E457}.Debug|Any CPU.Build.0 = Debug|Any CPU
		{6ECAE161-72F0-44FE-919D-609DC2E2E457}.Debug|x64.ActiveCfg = Debug|Any CPU
		{6ECAE161-72F0-44FE-919D-609DC2E2E457}.Debug|x64.Build.0 = Debug|Any CPU
		{6ECAE161-72F0-44FE-919D-609DC2E2E457}.Debug|x86.ActiveCfg = Debug|Any CPU
		{6ECAE161-72F0-44FE-919D-609DC2E2E457}.Debug|x86.Build.0 = Debug|Any CPU
		{6ECAE161-72F0-44FE-919D-609DC2E2E457}.Release|Any CPU.ActiveCfg = Release|Any CPU
		{6ECAE161-72F0-44FE-919D-609DC2E2E457}.Release|Any CPU.Build.0 = Release|Any CPU
		{6ECAE161-72F0-44FE-919D-609DC2E2E457}.Release|x64.ActiveCfg = Release|Any CPU
		{6ECAE161-72F0-44FE-919D-609DC2E2E457}.Release|x64.Build.0 = Release|Any CPU
		{6ECAE161-72F0-44FE-919D-609DC2E2E457}.Release|x86.ActiveCfg = Release|Any CPU
		{6ECAE161-72F0-44FE-919D-609DC2E2E457}.Release|x86.Build.0 = Release|Any CPU
		{EBCE4516-1CB0-4320-B337-900F974CC2BB}.Debug|Any CPU.ActiveCfg = Debug|Any CPU
		{EBCE4516-1CB0-4320-B337-900F974CC2BB}.Debug|Any CPU.Build.0 = Debug|Any CPU
		{EBCE4516-1CB0-4320-B337-900F974CC2BB}.Debug|x64.ActiveCfg = Debug|Any CPU
		{EBCE4516-1CB0-4320-B337-900F974CC2BB}.Debug|x64.Build.0 = Debug|Any CPU
		{EBCE4516-1CB0-4320-B337-900F974CC2BB}.Debug|x86.ActiveCfg = Debug|Any CPU
		{EBCE4516-1CB0-4320-B337-900F974CC2BB}.Debug|x86.Build.0 = Debug|Any CPU
		{EBCE4516-1CB0-4320-B337-900F974CC2BB}.Release|Any CPU.ActiveCfg = Release|Any CPU
		{EBCE4516-1CB0-4320-B337-900F974CC2BB}.Release|Any CPU.Build.0 = Release|Any CPU
		{EBCE4516-1CB0-4320-B337-900F974CC2BB}.Release|x64.ActiveCfg = Release|Any CPU
		{EBCE4516-1CB0-4320-B337-900F974CC2BB}.Release|x64.Build.0 = Release|Any CPU
		{EBCE4516-1CB0-4320-B337-900F974CC2BB}.Release|x86.ActiveCfg = Release|Any CPU
		{EBCE4516-1CB0-4320-B337-900F974CC2BB}.Release|x86.Build.0 = Release|Any CPU
		{EC4D25D9-A367-4692-B096-B5CC53CB281F}.Debug|Any CPU.ActiveCfg = Debug|Any CPU
		{EC4D25D9-A367-4692-B096-B5CC53CB281F}.Debug|Any CPU.Build.0 = Debug|Any CPU
		{EC4D25D9-A367-4692-B096-B5CC53CB281F}.Debug|x64.ActiveCfg = Debug|Any CPU
		{EC4D25D9-A367-4692-B096-B5CC53CB281F}.Debug|x64.Build.0 = Debug|Any CPU
		{EC4D25D9-A367-4692-B096-B5CC53CB281F}.Debug|x86.ActiveCfg = Debug|Any CPU
		{EC4D25D9-A367-4692-B096-B5CC53CB281F}.Debug|x86.Build.0 = Debug|Any CPU
		{EC4D25D9-A367-4692-B096-B5CC53CB281F}.Release|Any CPU.ActiveCfg = Release|Any CPU
		{EC4D25D9-A367-4692-B096-B5CC53CB281F}.Release|Any CPU.Build.0 = Release|Any CPU
		{EC4D25D9-A367-4692-B096-B5CC53CB281F}.Release|x64.ActiveCfg = Release|Any CPU
		{EC4D25D9-A367-4692-B096-B5CC53CB281F}.Release|x64.Build.0 = Release|Any CPU
		{EC4D25D9-A367-4692-B096-B5CC53CB281F}.Release|x86.ActiveCfg = Release|Any CPU
		{EC4D25D9-A367-4692-B096-B5CC53CB281F}.Release|x86.Build.0 = Release|Any CPU
		{4432A874-EF5E-4D2F-9452-BBD920F93388}.Debug|Any CPU.ActiveCfg = Debug|Any CPU
		{4432A874-EF5E-4D2F-9452-BBD920F93388}.Debug|Any CPU.Build.0 = Debug|Any CPU
		{4432A874-EF5E-4D2F-9452-BBD920F93388}.Debug|x64.ActiveCfg = Debug|Any CPU
		{4432A874-EF5E-4D2F-9452-BBD920F93388}.Debug|x64.Build.0 = Debug|Any CPU
		{4432A874-EF5E-4D2F-9452-BBD920F93388}.Debug|x86.ActiveCfg = Debug|Any CPU
		{4432A874-EF5E-4D2F-9452-BBD920F93388}.Debug|x86.Build.0 = Debug|Any CPU
		{4432A874-EF5E-4D2F-9452-BBD920F93388}.Release|Any CPU.ActiveCfg = Release|Any CPU
		{4432A874-EF5E-4D2F-9452-BBD920F93388}.Release|Any CPU.Build.0 = Release|Any CPU
		{4432A874-EF5E-4D2F-9452-BBD920F93388}.Release|x64.ActiveCfg = Release|Any CPU
		{4432A874-EF5E-4D2F-9452-BBD920F93388}.Release|x64.Build.0 = Release|Any CPU
		{4432A874-EF5E-4D2F-9452-BBD920F93388}.Release|x86.ActiveCfg = Release|Any CPU
		{4432A874-EF5E-4D2F-9452-BBD920F93388}.Release|x86.Build.0 = Release|Any CPU
		{C156F28F-542F-479B-A300-7763D116233A}.Debug|Any CPU.ActiveCfg = Debug|Any CPU
		{C156F28F-542F-479B-A300-7763D116233A}.Debug|Any CPU.Build.0 = Debug|Any CPU
		{C156F28F-542F-479B-A300-7763D116233A}.Debug|x64.ActiveCfg = Debug|Any CPU
		{C156F28F-542F-479B-A300-7763D116233A}.Debug|x64.Build.0 = Debug|Any CPU
		{C156F28F-542F-479B-A300-7763D116233A}.Debug|x86.ActiveCfg = Debug|Any CPU
		{C156F28F-542F-479B-A300-7763D116233A}.Debug|x86.Build.0 = Debug|Any CPU
		{C156F28F-542F-479B-A300-7763D116233A}.Release|Any CPU.ActiveCfg = Release|Any CPU
		{C156F28F-542F-479B-A300-7763D116233A}.Release|Any CPU.Build.0 = Release|Any CPU
		{C156F28F-542F-479B-A300-7763D116233A}.Release|x64.ActiveCfg = Release|Any CPU
		{C156F28F-542F-479B-A300-7763D116233A}.Release|x64.Build.0 = Release|Any CPU
		{C156F28F-542F-479B-A300-7763D116233A}.Release|x86.ActiveCfg = Release|Any CPU
		{C156F28F-542F-479B-A300-7763D116233A}.Release|x86.Build.0 = Release|Any CPU
	EndGlobalSection
	GlobalSection(SolutionProperties) = preSolution
		HideSolutionNode = FALSE
	EndGlobalSection
	GlobalSection(NestedProjects) = preSolution
		{990F03A1-439F-45CE-8ECC-2E3D4D0943B6} = {98C065EC-DC9B-48D1-9389-416F7FD9147B}
		{2DCEBFDD-C76D-41A3-BE6A-454648647EA9} = {64A91214-F480-40D2-BCEE-C0363AB0DF31}
		{DF396E12-85B9-4552-855A-C7AFD64CF014} = {90E20219-56E7-4AD7-9193-DCCD309F26A2}
		{1845FAE9-A5D7-479B-A2FE-087DC90793EC} = {4B2B2CD7-3CCA-4BD5-92EF-711EF7FDCB19}
		{D22A5F7E-38C2-4B40-A783-89B57EF756A5} = {5CFCC530-E213-4E98-A097-133D19CA4B72}
		{38F52A1D-6734-425D-8E99-F8F17EFB1943} = {90E20219-56E7-4AD7-9193-DCCD309F26A2}
		{4FDE1F54-A31E-45C8-BF68-1DEDCAEDF65E} = {E0680C5C-C4F7-4214-92EA-72C6088C3F15}
		{6ECAE161-72F0-44FE-919D-609DC2E2E457} = {64A91214-F480-40D2-BCEE-C0363AB0DF31}
		{EBCE4516-1CB0-4320-B337-900F974CC2BB} = {64A91214-F480-40D2-BCEE-C0363AB0DF31}
		{EC4D25D9-A367-4692-B096-B5CC53CB281F} = {64A91214-F480-40D2-BCEE-C0363AB0DF31}
		{4432A874-EF5E-4D2F-9452-BBD920F93388} = {E0680C5C-C4F7-4214-92EA-72C6088C3F15}
		{C156F28F-542F-479B-A300-7763D116233A} = {B6210F25-8B1D-49AB-8F68-92EF093E2DAB}
	EndGlobalSection
	GlobalSection(ExtensibilityGlobals) = postSolution
		SolutionGuid = {96BCC767-BEE9-46B4-B503-6685BC93903D}
	EndGlobalSection
EndGlobal
